
Microsoft Visual Studio Solution File, Format Version 12.00
# Visual Studio 15
VisualStudioVersion = 15.0.27004.2006
MinimumVisualStudioVersion = 10.0.40219.1
Project("{9A19103F-16F7-4668-BE54-9A1E7A4F7556}") = "WordProcessingAPI", "WordProcessingAPI\WordProcessingAPI.csproj", "{1AD1C320-FAFB-47E1-8D4B-65F3C421CA0F}"
EndProject
Project("{FAE04EC0-301F-11D3-BF4B-00C04F79EFBC}") = "WordProcessingAPI.UnitTests", "WordProcessingAPI.UnitTests\WordProcessingAPI.UnitTests.csproj", "{0C6699CB-35F5-452C-8962-9F38648B338F}"
EndProject
Global
	GlobalSection(SolutionConfigurationPlatforms) = preSolution
		Debug|Any CPU = Debug|Any CPU
		Release|Any CPU = Release|Any CPU
	EndGlobalSection
	GlobalSection(ProjectConfigurationPlatforms) = postSolution
		{1AD1C320-FAFB-47E1-8D4B-65F3C421CA0F}.Debug|Any CPU.ActiveCfg = Debug|Any CPU
		{1AD1C320-FAFB-47E1-8D4B-65F3C421CA0F}.Debug|Any CPU.Build.0 = Debug|Any CPU
		{1AD1C320-FAFB-47E1-8D4B-65F3C421CA0F}.Release|Any CPU.ActiveCfg = Release|Any CPU
		{1AD1C320-FAFB-47E1-8D4B-65F3C421CA0F}.Release|Any CPU.Build.0 = Release|Any CPU
		{0C6699CB-35F5-452C-8962-9F38648B338F}.Debug|Any CPU.ActiveCfg = Debug|Any CPU
		{0C6699CB-35F5-452C-8962-9F38648B338F}.Debug|Any CPU.Build.0 = Debug|Any CPU
		{0C6699CB-35F5-452C-8962-9F38648B338F}.Release|Any CPU.ActiveCfg = Release|Any CPU
		{0C6699CB-35F5-452C-8962-9F38648B338F}.Release|Any CPU.Build.0 = Release|Any CPU
	EndGlobalSection
	GlobalSection(SolutionProperties) = preSolution
		HideSolutionNode = FALSE
	EndGlobalSection
	GlobalSection(ExtensibilityGlobals) = postSolution
		SolutionGuid = {DF780F20-AB7D-4174-85BE-2E7B13283809}
	EndGlobalSection
EndGlobal
